
Microsoft Visual Studio Solution File, Format Version 12.00
# Visual Studio 15
VisualStudioVersion = 15.0.26124.0
MinimumVisualStudioVersion = 15.0.26124.0
Project("{FAE04EC0-301F-11D3-BF4B-00C04F79EFBC}") = "dark-place-game", "dark-place-game\dark-place-game.csproj", "{C8352AB1-34FF-4AEF-A1C6-2B5DE25EFBEB}"
EndProject
Project("{FAE04EC0-301F-11D3-BF4B-00C04F79EFBC}") = "dark-place-game.tests", "dark-place-game.tests\dark-place-game.tests.csproj", "{9084C634-3E09-4829-9DCB-BF4EE0478067}"
EndProject
Global
	GlobalSection(SolutionConfigurationPlatforms) = preSolution
		Debug|Any CPU = Debug|Any CPU
		Debug|x64 = Debug|x64
		Debug|x86 = Debug|x86
		Release|Any CPU = Release|Any CPU
		Release|x64 = Release|x64
		Release|x86 = Release|x86
	EndGlobalSection
	GlobalSection(SolutionProperties) = preSolution
		HideSolutionNode = FALSE
	EndGlobalSection
	GlobalSection(ProjectConfigurationPlatforms) = postSolution
		{C8352AB1-34FF-4AEF-A1C6-2B5DE25EFBEB}.Debug|Any CPU.ActiveCfg = Debug|Any CPU
		{C8352AB1-34FF-4AEF-A1C6-2B5DE25EFBEB}.Debug|Any CPU.Build.0 = Debug|Any CPU
		{C8352AB1-34FF-4AEF-A1C6-2B5DE25EFBEB}.Debug|x64.ActiveCfg = Debug|Any CPU
		{C8352AB1-34FF-4AEF-A1C6-2B5DE25EFBEB}.Debug|x64.Build.0 = Debug|Any CPU
		{C8352AB1-34FF-4AEF-A1C6-2B5DE25EFBEB}.Debug|x86.ActiveCfg = Debug|Any CPU
		{C8352AB1-34FF-4AEF-A1C6-2B5DE25EFBEB}.Debug|x86.Build.0 = Debug|Any CPU
		{C8352AB1-34FF-4AEF-A1C6-2B5DE25EFBEB}.Release|Any CPU.ActiveCfg = Release|Any CPU
		{C8352AB1-34FF-4AEF-A1C6-2B5DE25EFBEB}.Release|Any CPU.Build.0 = Release|Any CPU
		{C8352AB1-34FF-4AEF-A1C6-2B5DE25EFBEB}.Release|x64.ActiveCfg = Release|Any CPU
		{C8352AB1-34FF-4AEF-A1C6-2B5DE25EFBEB}.Release|x64.Build.0 = Release|Any CPU
		{C8352AB1-34FF-4AEF-A1C6-2B5DE25EFBEB}.Release|x86.ActiveCfg = Release|Any CPU
		{C8352AB1-34FF-4AEF-A1C6-2B5DE25EFBEB}.Release|x86.Build.0 = Release|Any CPU
		{9084C634-3E09-4829-9DCB-BF4EE0478067}.Debug|Any CPU.ActiveCfg = Debug|Any CPU
		{9084C634-3E09-4829-9DCB-BF4EE0478067}.Debug|Any CPU.Build.0 = Debug|Any CPU
		{9084C634-3E09-4829-9DCB-BF4EE0478067}.Debug|x64.ActiveCfg = Debug|Any CPU
		{9084C634-3E09-4829-9DCB-BF4EE0478067}.Debug|x64.Build.0 = Debug|Any CPU
		{9084C634-3E09-4829-9DCB-BF4EE0478067}.Debug|x86.ActiveCfg = Debug|Any CPU
		{9084C634-3E09-4829-9DCB-BF4EE0478067}.Debug|x86.Build.0 = Debug|Any CPU
		{9084C634-3E09-4829-9DCB-BF4EE0478067}.Release|Any CPU.ActiveCfg = Release|Any CPU
		{9084C634-3E09-4829-9DCB-BF4EE0478067}.Release|Any CPU.Build.0 = Release|Any CPU
		{9084C634-3E09-4829-9DCB-BF4EE0478067}.Release|x64.ActiveCfg = Release|Any CPU
		{9084C634-3E09-4829-9DCB-BF4EE0478067}.Release|x64.Build.0 = Release|Any CPU
		{9084C634-3E09-4829-9DCB-BF4EE0478067}.Release|x86.ActiveCfg = Release|Any CPU
		{9084C634-3E09-4829-9DCB-BF4EE0478067}.Release|x86.Build.0 = Release|Any CPU
	EndGlobalSection
EndGlobal
